[root]
name = "vorleser-web"
version = "0.1.0"
dependencies = [
 "domafic 0.2.0 (git+https://github.com/cramertj/domafic-rs)",
]

[[package]]
name = "domafic"
version = "0.2.0"
source = "git+https://github.com/cramertj/domafic-rs#746626c3bce4a1ecc8d9cbe01aea18ef23b66002"
dependencies = [
 "either_n 0.2.0 (registry+https://github.com/rust-lang/crates.io-index)",
 "libc 0.2.31 (registry+https://github.com/rust-lang/crates.io-index)",
 "marksman_escape 0.1.2 (registry+https://github.com/rust-lang/crates.io-index)",
]

[[package]]
name = "either_n"
version = "0.2.0"
source = "registry+https://github.com/rust-lang/crates.io-index"

[[package]]
name = "libc"
version = "0.2.31"
source = "registry+https://github.com/rust-lang/crates.io-index"

[[package]]
name = "marksman_escape"
version = "0.1.2"
source = "registry+https://github.com/rust-lang/crates.io-index"

[metadata]
"checksum domafic 0.2.0 (git+https://github.com/cramertj/domafic-rs)" = "<none>"
"checksum either_n 0.2.0 (registry+https://github.com/rust-lang/crates.io-index)" = "4c91ae510829160d5cfb19eb4ae7b6e01d44b767ca8f727c6cee936e53cc9ae5"
"checksum libc 0.2.31 (registry+https://github.com/rust-lang/crates.io-index)" = "d1419b2939a0bc44b77feb34661583c7546b532b192feab36249ab584b86856c"
"checksum marksman_escape 0.1.2 (registry+https://github.com/rust-lang/crates.io-index)" = "e1a9925825c96f25fedf82d5a9290a54d1d95fe6d48d234120b27fd99affceb7"
